
Microsoft Visual Studio Solution File, Format Version 12.00
# Visual Studio Version 16
VisualStudioVersion = 16.0.31005.135
MinimumVisualStudioVersion = 10.0.40219.1
Project("{FAE04EC0-301F-11D3-BF4B-00C04F79EFBC}") = "FibonacciSequence", "FibonacciSequence\FibonacciSequence.csproj", "{884F4B73-EBC7-46A6-A18E-3B60248E4244}"
EndProject
Global
	GlobalSection(SolutionConfigurationPlatforms) = preSolution
		Debug|Any CPU = Debug|Any CPU
		Release|Any CPU = Release|Any CPU
	EndGlobalSection
	GlobalSection(ProjectConfigurationPlatforms) = postSolution
		{884F4B73-EBC7-46A6-A18E-3B60248E4244}.Debug|Any CPU.ActiveCfg = Debug|Any CPU
		{884F4B73-EBC7-46A6-A18E-3B60248E4244}.Debug|Any CPU.Build.0 = Debug|Any CPU
		{884F4B73-EBC7-46A6-A18E-3B60248E4244}.Release|Any CPU.ActiveCfg = Release|Any CPU
		{884F4B73-EBC7-46A6-A18E-3B60248E4244}.Release|Any CPU.Build.0 = Release|Any CPU
	EndGlobalSection
	GlobalSection(SolutionProperties) = preSolution
		HideSolutionNode = FALSE
	EndGlobalSection
	GlobalSection(ExtensibilityGlobals) = postSolution
		SolutionGuid = {BF2C58BC-00AA-4C89-BA4E-68AA6A3E3947}
	EndGlobalSection
EndGlobal
